
Microsoft Visual Studio Solution File, Format Version 12.00
# Visual Studio 14
VisualStudioVersion = 14.0.24720.0
MinimumVisualStudioVersion = 10.0.40219.1
Project("{535C04D7-A2A5-47C7-83E0-B340A995CD1F}") = "Chapter6-1", "Chapter6-1\Chapter6-1.cblproj", "{B799B00D-C2DA-46FA-8AEC-AE2FF630F5DB}"
EndProject
Global
	GlobalSection(SolutionConfigurationPlatforms) = preSolution
		Debug|Any CPU = Debug|Any CPU
		Release|Any CPU = Release|Any CPU
	EndGlobalSection
	GlobalSection(ProjectConfigurationPlatforms) = postSolution
		{B799B00D-C2DA-46FA-8AEC-AE2FF630F5DB}.Debug|Any CPU.ActiveCfg = Debug|Any CPU
		{B799B00D-C2DA-46FA-8AEC-AE2FF630F5DB}.Debug|Any CPU.Build.0 = Debug|Any CPU
		{B799B00D-C2DA-46FA-8AEC-AE2FF630F5DB}.Release|Any CPU.ActiveCfg = Release|Any CPU
		{B799B00D-C2DA-46FA-8AEC-AE2FF630F5DB}.Release|Any CPU.Build.0 = Release|Any CPU
	EndGlobalSection
	GlobalSection(SolutionProperties) = preSolution
		HideSolutionNode = FALSE
	EndGlobalSection
EndGlobal
